
Microsoft Visual Studio Solution File, Format Version 12.00
# Visual Studio Version 16
VisualStudioVersion = 16.0.31205.134
MinimumVisualStudioVersion = 10.0.40219.1
Project("{FAE04EC0-301F-11D3-BF4B-00C04F79EFBC}") = "Calculo_Media", "Calculo_Media.csproj", "{8FD8EDEC-9E56-4089-A33B-76965BC0F9EA}"
EndProject
Global
	GlobalSection(SolutionConfigurationPlatforms) = preSolution
		Debug|Any CPU = Debug|Any CPU
		Release|Any CPU = Release|Any CPU
	EndGlobalSection
	GlobalSection(ProjectConfigurationPlatforms) = postSolution
		{8FD8EDEC-9E56-4089-A33B-76965BC0F9EA}.Debug|Any CPU.ActiveCfg = Debug|Any CPU
		{8FD8EDEC-9E56-4089-A33B-76965BC0F9EA}.Debug|Any CPU.Build.0 = Debug|Any CPU
		{8FD8EDEC-9E56-4089-A33B-76965BC0F9EA}.Release|Any CPU.ActiveCfg = Release|Any CPU
		{8FD8EDEC-9E56-4089-A33B-76965BC0F9EA}.Release|Any CPU.Build.0 = Release|Any CPU
	EndGlobalSection
	GlobalSection(SolutionProperties) = preSolution
		HideSolutionNode = FALSE
	EndGlobalSection
	GlobalSection(ExtensibilityGlobals) = postSolution
		SolutionGuid = {940F3DC5-4E42-4108-87C3-79DB7BE94A03}
	EndGlobalSection
EndGlobal
